
Microsoft Visual Studio Solution File, Format Version 12.00
# Visual Studio Version 17
VisualStudioVersion = 17.8.34330.188
MinimumVisualStudioVersion = 10.0.40219.1
Project("{9A19103F-16F7-4668-BE54-9A1E7A4F7556}") = "WebApplication1", "WebApplication1\WebApplication1.csproj", "{714DDEC6-9BF4-480B-BC1B-8DC0FF3836CB}"
EndProject
Project("{2150E333-8FDC-42A3-9474-1A3956D46DE8}") = "Elementos de la solución", "Elementos de la solución", "{FED8B9FC-0C18-44FD-8C67-20FB6CB81760}"
EndProject
Global
	GlobalSection(SolutionConfigurationPlatforms) = preSolution
		Debug|Any CPU = Debug|Any CPU
		Release|Any CPU = Release|Any CPU
	EndGlobalSection
	GlobalSection(ProjectConfigurationPlatforms) = postSolution
		{714DDEC6-9BF4-480B-BC1B-8DC0FF3836CB}.Debug|Any CPU.ActiveCfg = Debug|Any CPU
		{714DDEC6-9BF4-480B-BC1B-8DC0FF3836CB}.Debug|Any CPU.Build.0 = Debug|Any CPU
		{714DDEC6-9BF4-480B-BC1B-8DC0FF3836CB}.Release|Any CPU.ActiveCfg = Release|Any CPU
		{714DDEC6-9BF4-480B-BC1B-8DC0FF3836CB}.Release|Any CPU.Build.0 = Release|Any CPU
	EndGlobalSection
	GlobalSection(SolutionProperties) = preSolution
		HideSolutionNode = FALSE
	EndGlobalSection
	GlobalSection(ExtensibilityGlobals) = postSolution
		SolutionGuid = {F26778FA-890A-44E9-AF54-EA30937B76C6}
	EndGlobalSection
EndGlobal
